// !$*UTF8*$!
{
	archiveVersion = 1;
	classes = {
	};
	objectVersion = 46;
	objects = {

/* Begin PBXBuildFile section */
		4A82893C1B4394820083B702 /* main.m in Sources */ = {isa = PBXBuildFile; fileRef = 4A82893B1B4394820083B702 /* main.m */; };
		4A82893F1B4394820083B702 /* AppDelegate.m in Sources */ = {isa = PBXBuildFile; fileRef = 4A82893E1B4394820083B702 /* AppDelegate.m */; };
		4A8289421B4394820083B702 /* ViewController.m in Sources */ = {isa = PBXBuildFile; fileRef = 4A8289411B4394820083B702 /* ViewController.m */; };
		4A8289451B4394820083B702 /* Main.storyboard in Resources */ = {isa = PBXBuildFile; fileRef = 4A8289431B4394820083B702 /* Main.storyboard */; };
		4A8289471B4394820083B702 /* Images.xcassets in Resources */ = {isa = PBXBuildFile; fileRef = 4A8289461B4394820083B702 /* Images.xcassets */; };
		4A82894A1B4394820083B702 /* LaunchScreen.xib in Resources */ = {isa = PBXBuildFile; fileRef = 4A8289481B4394820083B702 /* LaunchScreen.xib */; };
		4A8289561B4394820083B702 /* AnimationTester2Tests.m in Sources */ = {isa = PBXBuildFile; fileRef = 4A8289551B4394820083B702 /* AnimationTester2Tests.m */; };
		4ADF78431B768CF1005A0F24 /* GridModel.m in Sources */ = {isa = PBXBuildFile; fileRef = 4ADF78421B768CF1005A0F24 /* GridModel.m */; };
		4ADF78491B77EC01005A0F24 /* GridSquareView.m in Sources */ = {isa = PBXBuildFile; fileRef = 4ADF78481B77EC01005A0F24 /* GridSquareView.m */; };
		4AE85E241B4E640C00D95D88 /* CoreTelephony.framework in Frameworks */ = {isa = PBXBuildFile; fileRef = 4AE85E231B4E640C00D95D88 /* CoreTelephony.framework */; };
/* End PBXBuildFile section */

/* Begin PBXContainerItemProxy section */
		4A8289501B4394820083B702 /* PBXContainerItemProxy */ = {
			isa = PBXContainerItemProxy;
			containerPortal = 4A82892E1B4394820083B702 /* Project object */;
			proxyType = 1;
			remoteGlobalIDString = 4A8289351B4394820083B702;
			remoteInfo = AnimationTester2;
		};
/* End PBXContainerItemProxy section */

/* Begin PBXFileReference section */
		4A8289361B4394820083B702 /* AnimationTester2.app */ = {isa = PBXFileReference; explicitFileType = wrapper.application; includeInIndex = 0; path = AnimationTester2.app; sourceTree = BUILT_PRODUCTS_DIR; };
		4A82893A1B4394820083B702 /* Info.plist */ = {isa = PBXFileReference; lastKnownFileType = text.plist.xml; path = Info.plist; sourceTree = "<group>"; };
		4A82893B1B4394820083B702 /* main.m */ = {isa = PBXFileReference; lastKnownFileType = sourcecode.c.objc; path = main.m; sourceTree = "<group>"; };
		4A82893D1B4394820083B702 /* AppDelegate.h */ = {isa = PBXFileReference; lastKnownFileType = sourcecode.c.h; path = AppDelegate.h; sourceTree = "<group>"; };
		4A82893E1B4394820083B702 /* AppDelegate.m */ = {isa = PBXFileReference; lastKnownFileType = sourcecode.c.objc; path = AppDelegate.m; sourceTree = "<group>"; };
		4A8289401B4394820083B702 /* ViewController.h */ = {isa = PBXFileReference; lastKnownFileType = sourcecode.c.h; path = ViewController.h; sourceTree = "<group>"; };
		4A8289411B4394820083B702 /* ViewController.m */ = {isa = PBXFileReference; lastKnownFileType = sourcecode.c.objc; path = ViewController.m; sourceTree = "<group>"; };
		4A8289441B4394820083B702 /* Base */ = {isa = PBXFileReference; lastKnownFileType = file.storyboard; name = Base; path = Base.lproj/Main.storyboard; sourceTree = "<group>"; };
		4A8289461B4394820083B702 /* Images.xcassets */ = {isa = PBXFileReference; lastKnownFileType = folder.assetcatalog; path = Images.xcassets; sourceTree = "<group>"; };
		4A8289491B4394820083B702 /* Base */ = {isa = PBXFileReference; lastKnownFileType = file.xib; name = Base; path = Base.lproj/LaunchScreen.xib; sourceTree = "<group>"; };
		4A82894F1B4394820083B702 /* AnimationTester2Tests.xctest */ = {isa = PBXFileReference; explicitFileType = wrapper.cfbundle; includeInIndex = 0; path = AnimationTester2Tests.xctest; sourceTree = BUILT_PRODUCTS_DIR; };
		4A8289541B4394820083B702 /* Info.plist */ = {isa = PBXFileReference; lastKnownFileType = text.plist.xml; path = Info.plist; sourceTree = "<group>"; };
		4A8289551B4394820083B702 /* AnimationTester2Tests.m */ = {isa = PBXFileReference; lastKnownFileType = sourcecode.c.objc; path = AnimationTester2Tests.m; sourceTree = "<group>"; };
		4ADF78411B768CF1005A0F24 /* GridModel.h */ = {isa = PBXFileReference; fileEncoding = 4; lastKnownFileType = sourcecode.c.h; path = GridModel.h; sourceTree = "<group>"; };
		4ADF78421B768CF1005A0F24 /* GridModel.m */ = {isa = PBXFileReference; fileEncoding = 4; lastKnownFileType = sourcecode.c.objc; path = GridModel.m; sourceTree = "<group>"; };
		4ADF78471B77EC01005A0F24 /* GridSquareView.h */ = {isa = PBXFileReference; fileEncoding = 4; lastKnownFileType = sourcecode.c.h; name = GridSquareView.h; path = ../GridSquareView.h; sourceTree = "<group>"; };
		4ADF78481B77EC01005A0F24 /* GridSquareView.m */ = {isa = PBXFileReference; fileEncoding = 4; lastKnownFileType = sourcecode.c.objc; name = GridSquareView.m; path = ../GridSquareView.m; sourceTree = "<group>"; };
		4ADF784A1B77ECCF005A0F24 /* GridSquareViewDelegate.h */ = {isa = PBXFileReference; fileEncoding = 4; lastKnownFileType = sourcecode.c.h; path = GridSquareViewDelegate.h; sourceTree = "<group>"; };
		4AE85E231B4E640C00D95D88 /* CoreTelephony.framework */ = {isa = PBXFileReference; lastKnownFileType = wrapper.framework; name = CoreTelephony.framework; path = System/Library/Frameworks/CoreTelephony.framework; sourceTree = SDKROOT; };
/* End PBXFileReference section */

/* Begin PBXFrameworksBuildPhase section */
		4A8289331B4394820083B702 /* Frameworks */ = {
			isa = PBXFrameworksBuildPhase;
			buildActionMask = 2147483647;
			files = (
				4AE85E241B4E640C00D95D88 /* CoreTelephony.framework in Frameworks */,
			);
			runOnlyForDeploymentPostprocessing = 0;
		};
		4A82894C1B4394820083B702 /* Frameworks */ = {
			isa = PBXFrameworksBuildPhase;
			buildActionMask = 2147483647;
			files = (
			);
			runOnlyForDeploymentPostprocessing = 0;
		};
/* End PBXFrameworksBuildPhase section */

/* Begin PBXGroup section */
		4A82892D1B4394820083B702 = {
			isa = PBXGroup;
			children = (
				4AE85E231B4E640C00D95D88 /* CoreTelephony.framework */,
				4A8289381B4394820083B702 /* AnimationTester2 */,
				4A8289521B4394820083B702 /* AnimationTester2Tests */,
				4A8289371B4394820083B702 /* Products */,
			);
			sourceTree = "<group>";
		};
		4A8289371B4394820083B702 /* Products */ = {
			isa = PBXGroup;
			children = (
				4A8289361B4394820083B702 /* AnimationTester2.app */,
				4A82894F1B4394820083B702 /* AnimationTester2Tests.xctest */,
			);
			name = Products;
			sourceTree = "<group>";
		};
		4A8289381B4394820083B702 /* AnimationTester2 */ = {
			isa = PBXGroup;
			children = (
				4ADF78471B77EC01005A0F24 /* GridSquareView.h */,
				4ADF784A1B77ECCF005A0F24 /* GridSquareViewDelegate.h */,
				4ADF78481B77EC01005A0F24 /* GridSquareView.m */,
				4A82893D1B4394820083B702 /* AppDelegate.h */,
				4A82893E1B4394820083B702 /* AppDelegate.m */,
				4A8289401B4394820083B702 /* ViewController.h */,
				4A8289411B4394820083B702 /* ViewController.m */,
				4ADF78411B768CF1005A0F24 /* GridModel.h */,
				4ADF78421B768CF1005A0F24 /* GridModel.m */,
				4A8289431B4394820083B702 /* Main.storyboard */,
				4A8289461B4394820083B702 /* Images.xcassets */,
				4A8289481B4394820083B702 /* LaunchScreen.xib */,
				4A8289391B4394820083B702 /* Supporting Files */,
			);
			path = AnimationTester2;
			sourceTree = "<group>";
		};
		4A8289391B4394820083B702 /* Supporting Files */ = {
			isa = PBXGroup;
			children = (
				4A82893A1B4394820083B702 /* Info.plist */,
				4A82893B1B4394820083B702 /* main.m */,
			);
			name = "Supporting Files";
			sourceTree = "<group>";
		};
		4A8289521B4394820083B702 /* AnimationTester2Tests */ = {
			isa = PBXGroup;
			children = (
				4A8289551B4394820083B702 /* AnimationTester2Tests.m */,
				4A8289531B4394820083B702 /* Supporting Files */,
			);
			path = AnimationTester2Tests;
			sourceTree = "<group>";
		};
		4A8289531B4394820083B702 /* Supporting Files */ = {
			isa = PBXGroup;
			children = (
				4A8289541B4394820083B702 /* Info.plist */,
			);
			name = "Supporting Files";
			sourceTree = "<group>";
		};
/* End PBXGroup section */

/* Begin PBXNativeTarget section */
		4A8289351B4394820083B702 /* AnimationTester2 */ = {
			isa = PBXNativeTarget;
			buildConfigurationList = 4A8289591B4394820083B702 /* Build configuration list for PBXNativeTarget "AnimationTester2" */;
			buildPhases = (
				4A8289321B4394820083B702 /* Sources */,
				4A8289331B4394820083B702 /* Frameworks */,
				4A8289341B4394820083B702 /* Resources */,
			);
			buildRules = (
			);
			dependencies = (
			);
			name = AnimationTester2;
			productName = AnimationTester2;
			productReference = 4A8289361B4394820083B702 /* AnimationTester2.app */;
			productType = "com.apple.product-type.application";
		};
		4A82894E1B4394820083B702 /* AnimationTester2Tests */ = {
			isa = PBXNativeTarget;
			buildConfigurationList = 4A82895C1B4394820083B702 /* Build configuration list for PBXNativeTarget "AnimationTester2Tests" */;
			buildPhases = (
				4A82894B1B4394820083B702 /* Sources */,
				4A82894C1B4394820083B702 /* Frameworks */,
				4A82894D1B4394820083B702 /* Resources */,
			);
			buildRules = (
			);
			dependencies = (
				4A8289511B4394820083B702 /* PBXTargetDependency */,
			);
			name = AnimationTester2Tests;
			productName = AnimationTester2Tests;
			productReference = 4A82894F1B4394820083B702 /* AnimationTester2Tests.xctest */;
			productType = "com.apple.product-type.bundle.unit-test";
		};
/* End PBXNativeTarget section */

/* Begin PBXProject section */
		4A82892E1B4394820083B702 /* Project object */ = {
			isa = PBXProject;
			attributes = {
				LastUpgradeCheck = 0630;
				ORGANIZATIONNAME = dimnsionofsound;
				TargetAttributes = {
					4A8289351B4394820083B702 = {
						CreatedOnToolsVersion = 6.3.2;
						DevelopmentTeam = YR937RG9QX;
					};
					4A82894E1B4394820083B702 = {
						CreatedOnToolsVersion = 6.3.2;
						TestTargetID = 4A8289351B4394820083B702;
					};
				};
			};
			buildConfigurationList = 4A8289311B4394820083B702 /* Build configuration list for PBXProject "AnimationTester2" */;
			compatibilityVersion = "Xcode 3.2";
			developmentRegion = English;
			hasScannedForEncodings = 0;
			knownRegions = (
				en,
				Base,
			);
			mainGroup = 4A82892D1B4394820083B702;
			productRefGroup = 4A8289371B4394820083B702 /* Products */;
			projectDirPath = "";
			projectRoot = "";
			targets = (
				4A8289351B4394820083B702 /* AnimationTester2 */,
				4A82894E1B4394820083B702 /* AnimationTester2Tests */,
			);
		};
/* End PBXProject section */

/* Begin PBXResourcesBuildPhase section */
		4A8289341B4394820083B702 /* Resources */ = {
			isa = PBXResourcesBuildPhase;
			buildActionMask = 2147483647;
			files = (
				4A8289451B4394820083B702 /* Main.storyboard in Resources */,
				4A82894A1B4394820083B702 /* LaunchScreen.xib in Resources */,
				4A8289471B4394820083B702 /* Images.xcassets in Resources */,
			);
			runOnlyForDeploymentPostprocessing = 0;
		};
		4A82894D1B4394820083B702 /* Resources */ = {
			isa = PBXResourcesBuildPhase;
			buildActionMask = 2147483647;
			files = (
			);
			runOnlyForDeploymentPostprocessing = 0;
		};
/* End PBXResourcesBuildPhase section */

/* Begin PBXSourcesBuildPhase section */
		4A8289321B4394820083B702 /* Sources */ = {
			isa = PBXSourcesBuildPhase;
			buildActionMask = 2147483647;
			files = (
				4ADF78491B77EC01005A0F24 /* GridSquareView.m in Sources */,
				4A8289421B4394820083B702 /* ViewController.m in Sources */,
				4A82893F1B4394820083B702 /* AppDelegate.m in Sources */,
				4A82893C1B4394820083B702 /* main.m in Sources */,
				4ADF78431B768CF1005A0F24 /* GridModel.m in Sources */,
			);
			runOnlyForDeploymentPostprocessing = 0;
		};
		4A82894B1B4394820083B702 /* Sources */ = {
			isa = PBXSourcesBuildPhase;
			buildActionMask = 2147483647;
			files = (
				4A8289561B4394820083B702 /* AnimationTester2Tests.m in Sources */,
			);
			runOnlyForDeploymentPostprocessing = 0;
		};
/* End PBXSourcesBuildPhase section */

/* Begin PBXTargetDependency section */
		4A8289511B4394820083B702 /* PBXTargetDependency */ = {
			isa = PBXTargetDependency;
			target = 4A8289351B4394820083B702 /* AnimationTester2 */;
			targetProxy = 4A8289501B4394820083B702 /* PBXContainerItemProxy */;
		};
/* End PBXTargetDependency section */

/* Begin PBXVariantGroup section */
		4A8289431B4394820083B702 /* Main.storyboard */ = {
			isa = PBXVariantGroup;
			children = (
				4A8289441B4394820083B702 /* Base */,
			);
			name = Main.storyboard;
			sourceTree = "<group>";
		};
		4A8289481B4394820083B702 /* LaunchScreen.xib */ = {
			isa = PBXVariantGroup;
			children = (
				4A8289491B4394820083B702 /* Base */,
			);
			name = LaunchScreen.xib;
			sourceTree = "<group>";
		};
/* End PBXVariantGroup section */

/* Begin XCBuildConfiguration section */
		4A8289571B4394820083B702 /* Debug */ = {
			isa = XCBuildConfiguration;
			buildSettings = {
				ALWAYS_SEARCH_USER_PATHS = NO;
				CLANG_CXX_LANGUAGE_STANDARD = "gnu++0x";
				CLANG_CXX_LIBRARY = "libc++";
				CLANG_ENABLE_MODULES = YES;
				CLANG_ENABLE_OBJC_ARC = YES;
				CLANG_WARN_BOOL_CONVERSION = YES;
				CLANG_WARN_CONSTANT_CONVERSION = YES;
				CLANG_WARN_DIRECT_OBJC_ISA_USAGE = YES_ERROR;
				CLANG_WARN_EMPTY_BODY = YES;
				CLANG_WARN_ENUM_CONVERSION = YES;
				CLANG_WARN_INT_CONVERSION = YES;
				CLANG_WARN_OBJC_ROOT_CLASS = YES_ERROR;
				CLANG_WARN_UNREACHABLE_CODE = YES;
				CLANG_WARN__DUPLICATE_METHOD_MATCH = YES;
				"CODE_SIGN_IDENTITY[sdk=iphoneos*]" = "iPhone Developer";
				COPY_PHASE_STRIP = NO;
				DEBUG_INFORMATION_FORMAT = "dwarf-with-dsym";
				ENABLE_STRICT_OBJC_MSGSEND = YES;
				GCC_C_LANGUAGE_STANDARD = gnu99;
				GCC_DYNAMIC_NO_PIC = NO;
				GCC_NO_COMMON_BLOCKS = YES;
				GCC_OPTIMIZATION_LEVEL = 0;
				GCC_PREPROCESSOR_DEFINITIONS = (
					"DEBUG=1",
					"$(inherited)",
				);
				GCC_SYMBOLS_PRIVATE_EXTERN = NO;
				GCC_WARN_64_TO_32_BIT_CONVERSION = YES;
				GCC_WARN_ABOUT_RETURN_TYPE = YES_ERROR;
				GCC_WARN_UNDECLARED_SELECTOR = YES;
				GCC_WARN_UNINITIALIZED_AUTOS = YES_AGGRESSIVE;
				GCC_WARN_UNUSED_FUNCTION = YES;
				GCC_WARN_UNUSED_VARIABLE = YES;
				IPHONEOS_DEPLOYMENT_TARGET = 8.3;
				MTL_ENABLE_DEBUG_INFO = YES;
				ONLY_ACTIVE_ARCH = YES;
				SDKROOT = iphoneos;
			};
			name = Debug;
		};
		4A8289581B4394820083B702 /* Release */ = {
			isa = XCBuildConfiguration;
			buildSettings = {
				ALWAYS_SEARCH_USER_PATHS = NO;
				CLANG_CXX_LANGUAGE_STANDARD = "gnu++0x";
				CLANG_CXX_LIBRARY = "libc++";
				CLANG_ENABLE_MODULES = YES;
				CLANG_ENABLE_OBJC_ARC = YES;
				CLANG_WARN_BOOL_CONVERSION = YES;
				CLANG_WARN_CONSTANT_CONVERSION = YES;
				CLANG_WARN_DIRECT_OBJC_ISA_USAGE = YES_ERROR;
				CLANG_WARN_EMPTY_BODY = YES;
				CLANG_WARN_ENUM_CONVERSION = YES;
				CLANG_WARN_INT_CONVERSION = YES;
				CLANG_WARN_OBJC_ROOT_CLASS = YES_ERROR;
				CLANG_WARN_UNREACHABLE_CODE = YES;
				CLANG_WARN__DUPLICATE_METHOD_MATCH = YES;
				"CODE_SIGN_IDENTITY[sdk=iphoneos*]" = "iPhone Developer";
				COPY_PHASE_STRIP = NO;
				DEBUG_INFORMATION_FORMAT = "dwarf-with-dsym";
				ENABLE_NS_ASSERTIONS = NO;
				ENABLE_STRICT_OBJC_MSGSEND = YES;
				GCC_C_LANGUAGE_STANDARD = gnu99;
				GCC_NO_COMMON_BLOCKS = YES;
				GCC_WARN_64_TO_32_BIT_CONVERSION = YES;
				GCC_WARN_ABOUT_RETURN_TYPE = YES_ERROR;
				GCC_WARN_UNDECLARED_SELECTOR = YES;
				GCC_WARN_UNINITIALIZED_AUTOS = YES_AGGRESSIVE;
				GCC_WARN_UNUSED_FUNCTION = YES;
				GCC_WARN_UNUSED_VARIABLE = YES;
				IPHONEOS_DEPLOYMENT_TARGET = 8.3;
				MTL_ENABLE_DEBUG_INFO = NO;
				SDKROOT = iphoneos;
				VALIDATE_PRODUCT = YES;
			};
			name = Release;
		};
		4A82895A1B4394820083B702 /* Debug */ = {
			isa = XCBuildConfiguration;
			buildSettings = {
				ASSETCATALOG_COMPILER_APPICON_NAME = AppIcon;
				CODE_SIGN_IDENTITY = "iPhone Developer";
				"CODE_SIGN_IDENTITY[sdk=iphoneos*]" = "iPhone Developer";
				INFOPLIST_FILE = AnimationTester2/Info.plist;
				LD_RUNPATH_SEARCH_PATHS = "$(inherited) @executable_path/Frameworks";
				PRODUCT_NAME = "$(TARGET_NAME)";
				PROVISIONING_PROFILE = "";
			};
			name = Debug;
		};
		4A82895B1B4394820083B702 /* Release */ = {
			isa = XCBuildConfiguration;
			buildSettings = {
				ASSETCATALOG_COMPILER_APPICON_NAME = AppIcon;
				CODE_SIGN_IDENTITY = "iPhone Developer";
				"CODE_SIGN_IDENTITY[sdk=iphoneos*]" = "iPhone Developer";
				INFOPLIST_FILE = AnimationTester2/Info.plist;
				LD_RUNPATH_SEARCH_PATHS = "$(inherited) @executable_path/Frameworks";
				PRODUCT_NAME = "$(TARGET_NAME)";
				PROVISIONING_PROFILE = "";
			};
			name = Release;
		};
		4A82895D1B4394820083B702 /* Debug */ = {
			isa = XCBuildConfiguration;
			buildSettings = {
				BUNDLE_LOADER = "$(TEST_HOST)";
				FRAMEWORK_SEARCH_PATHS = (
					"$(SDKROOT)/Developer/Library/Frameworks",
					"$(inherited)",
				);
				GCC_PREPROCESSOR_DEFINITIONS = (
					"DEBUG=1",
					"$(inherited)",
				);
				INFOPLIST_FILE = AnimationTester2Tests/Info.plist;
				LD_RUNPATH_SEARCH_PATHS = "$(inherited) @executable_path/Frameworks @loader_path/Frameworks";
				PRODUCT_NAME = "$(TARGET_NAME)";
				TEST_HOST = "$(BUILT_PRODUCTS_DIR)/AnimationTester2.app/AnimationTester2";
			};
			name = Debug;
		};
		4A82895E1B4394820083B702 /* Release */ = {
			isa = XCBuildConfiguration;
			buildSettings = {
				BUNDLE_LOADER = "$(TEST_HOST)";
				FRAMEWORK_SEARCH_PATHS = (
					"$(SDKROOT)/Developer/Library/Frameworks",
					"$(inherited)",
				);
				INFOPLIST_FILE = AnimationTester2Tests/Info.plist;
				LD_RUNPATH_SEARCH_PATHS = "$(inherited) @executable_path/Frameworks @loader_path/Frameworks";
				PRODUCT_NAME = "$(TARGET_NAME)";
				TEST_HOST = "$(BUILT_PRODUCTS_DIR)/AnimationTester2.app/AnimationTester2";
			};
			name = Release;
		};
/* End XCBuildConfiguration section */

/* Begin XCConfigurationList section */
		4A8289311B4394820083B702 /* Build configuration list for PBXProject "AnimationTester2" */ = {
			isa = XCConfigurationList;
			buildConfigurations = (
				4A8289571B4394820083B702 /* Debug */,
				4A8289581B4394820083B702 /* Release */,
			);
			defaultConfigurationIsVisible = 0;
			defaultConfigurationName = Release;
		};
		4A8289591B4394820083B702 /* Build configuration list for PBXNativeTarget "AnimationTester2" */ = {
			isa = XCConfigurationList;
			buildConfigurations = (
				4A82895A1B4394820083B702 /* Debug */,
				4A82895B1B4394820083B702 /* Release */,
			);
			defaultConfigurationIsVisible = 0;
			defaultConfigurationName = Release;
		};
		4A82895C1B4394820083B702 /* Build configuration list for PBXNativeTarget "AnimationTester2Tests" */ = {
			isa = XCConfigurationList;
			buildConfigurations = (
				4A82895D1B4394820083B702 /* Debug */,
				4A82895E1B4394820083B702 /* Release */,
			);
			defaultConfigurationIsVisible = 0;
			defaultConfigurationName = Release;
		};
/* End XCConfigurationList section */
	};
	rootObject = 4A82892E1B4394820083B702 /* Project object */;
}
